{
  "sources": {
    "aws": {
      "path": "."
    },
    "driveclient": {
      "locked_version": "1.0.0",
      "git": "git://github.com/rightscale/rackspace_cookbooks.git",
      "ref": "8b3c5b8678b462ba7980de6919f0c6a0ac9777a0",
      "rel": "driveclient"
    },
    "cloudmonitoring": {
      "locked_version": "0.1.5",
      "git": "git://github.com/rightscale/rackspace_cookbooks.git",
      "ref": "8b3c5b8678b462ba7980de6919f0c6a0ac9777a0",
      "rel": "cloudmonitoring"
    },
    "sysctl": {
      "locked_version": "0.0.1",
      "git": "git://github.com/rs-services/cookbooks_internal.git",
      "ref": "0c1279c659869dff6e5aab37959f4c11a67a7c6b",
      "rel": "cookbooks/sysctl"
    },
    "rightscale": {
      "locked_version": "13.5.0",
      "git": "git://github.com/rightscale/rightscale_cookbooks.git",
      "ref": "2cb843f6ef60e72c4f39c6b944ddcaf1d7b7097f",
      "rel": "cookbooks/rightscale"
    },
    "python": {
      "locked_version": "1.4.6"
    },
    "build-essential": {
      "locked_version": "2.0.2"
    },
    "yum-epel": {
      "locked_version": "0.3.6"
    },
    "yum": {
      "locked_version": "3.2.0"
    },
    "java": {
      "locked_version": "1.22.0"
    },
    "apt": {
      "locked_version": "2.4.0"
    }
  }
}
